
Microsoft Visual Studio Solution File, Format Version 12.00
# Visual Studio Version 16
VisualStudioVersion = 16.0.31729.503
MinimumVisualStudioVersion = 10.0.40219.1
Project("{8BC9CEB8-8B4A-11D0-8D11-00A0C91BC942}") = "homework_button", "homework_button.vcxproj", "{B0EADF33-85E6-4F68-8BBA-9A2196C18A1F}"
EndProject
Global
	GlobalSection(SolutionConfigurationPlatforms) = preSolution
		Debug|x64 = Debug|x64
		Release|x64 = Release|x64
	EndGlobalSection
	GlobalSection(ProjectConfigurationPlatforms) = postSolution
		{B0EADF33-85E6-4F68-8BBA-9A2196C18A1F}.Debug|x64.ActiveCfg = Debug|x64
		{B0EADF33-85E6-4F68-8BBA-9A2196C18A1F}.Debug|x64.Build.0 = Debug|x64
		{B0EADF33-85E6-4F68-8BBA-9A2196C18A1F}.Release|x64.ActiveCfg = Release|x64
		{B0EADF33-85E6-4F68-8BBA-9A2196C18A1F}.Release|x64.Build.0 = Release|x64
	EndGlobalSection
	GlobalSection(SolutionProperties) = preSolution
		HideSolutionNode = FALSE
	EndGlobalSection
	GlobalSection(ExtensibilityGlobals) = postSolution
		SolutionGuid = {A3F397C3-2737-455C-8088-5C7BF24020C0}
	EndGlobalSection
EndGlobal
